
Microsoft Visual Studio Solution File, Format Version 12.00
# Visual Studio Version 17
VisualStudioVersion = 17.2.32516.85
MinimumVisualStudioVersion = 10.0.40219.1
Project("{FAE04EC0-301F-11D3-BF4B-00C04F79EFBC}") = "BusinessObject", "BusinessObject\BusinessObject.csproj", "{12A35005-CDFD-49CB-A65F-9D14E884891E}"
EndProject
Project("{FAE04EC0-301F-11D3-BF4B-00C04F79EFBC}") = "DataAccess", "DataAccess\DataAccess.csproj", "{3E30A858-905E-4BF2-8709-B0C1BD264896}"
EndProject
Project("{FAE04EC0-301F-11D3-BF4B-00C04F79EFBC}") = "SportBooking", "SportBooking\SportBooking.csproj", "{5EDC17BA-5AE0-4071-8D01-D0571E4662B4}"
EndProject
Global
	GlobalSection(SolutionConfigurationPlatforms) = preSolution
		Debug|Any CPU = Debug|Any CPU
		Release|Any CPU = Release|Any CPU
	EndGlobalSection
	GlobalSection(ProjectConfigurationPlatforms) = postSolution
		{12A35005-CDFD-49CB-A65F-9D14E884891E}.Debug|Any CPU.ActiveCfg = Debug|Any CPU
		{12A35005-CDFD-49CB-A65F-9D14E884891E}.Debug|Any CPU.Build.0 = Debug|Any CPU
		{12A35005-CDFD-49CB-A65F-9D14E884891E}.Release|Any CPU.ActiveCfg = Release|Any CPU
		{12A35005-CDFD-49CB-A65F-9D14E884891E}.Release|Any CPU.Build.0 = Release|Any CPU
		{3E30A858-905E-4BF2-8709-B0C1BD264896}.Debug|Any CPU.ActiveCfg = Debug|Any CPU
		{3E30A858-905E-4BF2-8709-B0C1BD264896}.Debug|Any CPU.Build.0 = Debug|Any CPU
		{3E30A858-905E-4BF2-8709-B0C1BD264896}.Release|Any CPU.ActiveCfg = Release|Any CPU
		{3E30A858-905E-4BF2-8709-B0C1BD264896}.Release|Any CPU.Build.0 = Release|Any CPU
		{5EDC17BA-5AE0-4071-8D01-D0571E4662B4}.Debug|Any CPU.ActiveCfg = Debug|Any CPU
		{5EDC17BA-5AE0-4071-8D01-D0571E4662B4}.Debug|Any CPU.Build.0 = Debug|Any CPU
		{5EDC17BA-5AE0-4071-8D01-D0571E4662B4}.Release|Any CPU.ActiveCfg = Release|Any CPU
		{5EDC17BA-5AE0-4071-8D01-D0571E4662B4}.Release|Any CPU.Build.0 = Release|Any CPU
	EndGlobalSection
	GlobalSection(SolutionProperties) = preSolution
		HideSolutionNode = FALSE
	EndGlobalSection
	GlobalSection(ExtensibilityGlobals) = postSolution
		SolutionGuid = {67489F56-2FB2-4E61-A6AF-7FB102C5342D}
	EndGlobalSection
EndGlobal
